
Microsoft Visual Studio Solution File, Format Version 12.00
# Visual Studio Version 16
VisualStudioVersion = 16.0.31624.102
MinimumVisualStudioVersion = 10.0.40219.1
Project("{FAE04EC0-301F-11D3-BF4B-00C04F79EFBC}") = "SZTGUI_LA_5", "SZTGUI_LA_5\SZTGUI_LA_5.csproj", "{B14092B4-8237-4B95-BAA2-5CD6E68FB3C4}"
EndProject
Project("{FAE04EC0-301F-11D3-BF4B-00C04F79EFBC}") = "SZTGUI_LA_5.Backend", "SZTGUI_LA_5.Backend\SZTGUI_LA_5.Backend.csproj", "{4BA9EB3E-2D34-4A30-9D26-8A7F5E0E58D3}"
EndProject
Global
	GlobalSection(SolutionConfigurationPlatforms) = preSolution
		Debug|Any CPU = Debug|Any CPU
		Release|Any CPU = Release|Any CPU
	EndGlobalSection
	GlobalSection(ProjectConfigurationPlatforms) = postSolution
		{B14092B4-8237-4B95-BAA2-5CD6E68FB3C4}.Debug|Any CPU.ActiveCfg = Debug|Any CPU
		{B14092B4-8237-4B95-BAA2-5CD6E68FB3C4}.Debug|Any CPU.Build.0 = Debug|Any CPU
		{B14092B4-8237-4B95-BAA2-5CD6E68FB3C4}.Release|Any CPU.ActiveCfg = Release|Any CPU
		{B14092B4-8237-4B95-BAA2-5CD6E68FB3C4}.Release|Any CPU.Build.0 = Release|Any CPU
		{4BA9EB3E-2D34-4A30-9D26-8A7F5E0E58D3}.Debug|Any CPU.ActiveCfg = Debug|Any CPU
		{4BA9EB3E-2D34-4A30-9D26-8A7F5E0E58D3}.Debug|Any CPU.Build.0 = Debug|Any CPU
		{4BA9EB3E-2D34-4A30-9D26-8A7F5E0E58D3}.Release|Any CPU.ActiveCfg = Release|Any CPU
		{4BA9EB3E-2D34-4A30-9D26-8A7F5E0E58D3}.Release|Any CPU.Build.0 = Release|Any CPU
	EndGlobalSection
	GlobalSection(SolutionProperties) = preSolution
		HideSolutionNode = FALSE
	EndGlobalSection
	GlobalSection(ExtensibilityGlobals) = postSolution
		SolutionGuid = {F7F0C58B-130F-4684-8953-32937F2BC4D4}
	EndGlobalSection
EndGlobal
